
Microsoft Visual Studio Solution File, Format Version 12.00
# Visual Studio Version 17
VisualStudioVersion = 17.14.36408.4 d17.14
MinimumVisualStudioVersion = 10.0.40219.1
Project("{FAE04EC0-301F-11D3-BF4B-00C04F79EFBC}") = "TaskManager.TaskManagerAPI", "TaskManager.TaskManagerAPI\TaskManager.TaskManagerAPI.csproj", "{1ACB1B7C-37B1-4217-BECC-F6814E488718}"
EndProject
Global
	GlobalSection(SolutionConfigurationPlatforms) = preSolution
		Debug|Any CPU = Debug|Any CPU
		Release|Any CPU = Release|Any CPU
	EndGlobalSection
	GlobalSection(ProjectConfigurationPlatforms) = postSolution
		{1ACB1B7C-37B1-4217-BECC-F6814E488718}.Debug|Any CPU.ActiveCfg = Debug|Any CPU
		{1ACB1B7C-37B1-4217-BECC-F6814E488718}.Debug|Any CPU.Build.0 = Debug|Any CPU
		{1ACB1B7C-37B1-4217-BECC-F6814E488718}.Release|Any CPU.ActiveCfg = Release|Any CPU
		{1ACB1B7C-37B1-4217-BECC-F6814E488718}.Release|Any CPU.Build.0 = Release|Any CPU
	EndGlobalSection
	GlobalSection(SolutionProperties) = preSolution
		HideSolutionNode = FALSE
	EndGlobalSection
	GlobalSection(ExtensibilityGlobals) = postSolution
		SolutionGuid = {2E52BDF8-445D-41E5-AB64-B5639880FB43}
	EndGlobalSection
EndGlobal
